{
  "requires": true,
  "lockfileVersion": 1,
  "dependencies": {
    "graphql-2-json-schema": {
      "version": "0.5.1",
      "resolved": "https://registry.npmjs.org/graphql-2-json-schema/-/graphql-2-json-schema-0.5.1.tgz",
      "integrity": "sha512-rLuxyXWKqmcPQIwID+v21pgrOKn4/UR4tQSJcy+IqfC6lh+YsYSjg1Qa2KP0oC1kMdQ+pUtQc1bTF+ipa5shSQ==",
      "requires": {
        "lodash": "^4.17.20"
      }
    },
    "lodash": {
      "version": "4.17.20",
      "resolved": "https://registry.npmjs.org/lodash/-/lodash-4.17.20.tgz",
      "integrity": "sha512-PlhdFcillOINfeV7Ni6oF1TAEayyZBoZ8bcshTHqOYJYlrqzRK5hagpagky5o4HfCzzd1TRkXPMFq6cKk9rGmA=="
    }
  }
}
